
Microsoft Visual Studio Solution File, Format Version 12.00
# Visual Studio Version 17
VisualStudioVersion = 17.6.33815.320
MinimumVisualStudioVersion = 10.0.40219.1
Project("{FAE04EC0-301F-11D3-BF4B-00C04F79EFBC}") = "TheoryOfInformationLaba2", "TheoryOfInformationLaba2\TheoryOfInformationLaba2.csproj", "{EB79F3E0-2BB2-4D45-A510-C0723A3AF994}"
EndProject
Global
	GlobalSection(SolutionConfigurationPlatforms) = preSolution
		Debug|Any CPU = Debug|Any CPU
		Release|Any CPU = Release|Any CPU
	EndGlobalSection
	GlobalSection(ProjectConfigurationPlatforms) = postSolution
		{EB79F3E0-2BB2-4D45-A510-C0723A3AF994}.Debug|Any CPU.ActiveCfg = Debug|Any CPU
		{EB79F3E0-2BB2-4D45-A510-C0723A3AF994}.Debug|Any CPU.Build.0 = Debug|Any CPU
		{EB79F3E0-2BB2-4D45-A510-C0723A3AF994}.Release|Any CPU.ActiveCfg = Release|Any CPU
		{EB79F3E0-2BB2-4D45-A510-C0723A3AF994}.Release|Any CPU.Build.0 = Release|Any CPU
	EndGlobalSection
	GlobalSection(SolutionProperties) = preSolution
		HideSolutionNode = FALSE
	EndGlobalSection
	GlobalSection(ExtensibilityGlobals) = postSolution
		SolutionGuid = {13E118A8-1EDC-4FA3-8E8C-04F399C580F3}
	EndGlobalSection
EndGlobal
